// !$*UTF8*$!
{
	archiveVersion = 1;
	classes = {
	};
	objectVersion = 56;
	objects = {

/* Begin PBXBuildFile section */
		E04C64562BEA031F00C413B2 /* oidnDenoise in Frameworks */ = {isa = PBXBuildFile; fileRef = E04C64442BE9D53000C413B2 /* oidnDenoise */; };
		E068B2062BB4E41E006F2DB0 /* TextureManager.swift in Sources */ = {isa = PBXBuildFile; fileRef = E068B2052BB4E41E006F2DB0 /* TextureManager.swift */; };
		E068B20D2BBD2533006F2DB0 /* Extensions.swift in Sources */ = {isa = PBXBuildFile; fileRef = E068B20C2BBD2533006F2DB0 /* Extensions.swift */; };
		E096DAD92BDD6EB300DE0432 /* MaterialMenu.swift in Sources */ = {isa = PBXBuildFile; fileRef = E096DAD82BDD6EB300DE0432 /* MaterialMenu.swift */; };
		E098C2D12BB3173400C3D3BA /* PathtracerApp.swift in Sources */ = {isa = PBXBuildFile; fileRef = E098C2D02BB3173400C3D3BA /* PathtracerApp.swift */; };
		E098C2D32BB3173400C3D3BA /* ContentView.swift in Sources */ = {isa = PBXBuildFile; fileRef = E098C2D22BB3173400C3D3BA /* ContentView.swift */; };
		E098C2D52BB3173400C3D3BA /* Assets.xcassets in Resources */ = {isa = PBXBuildFile; fileRef = E098C2D42BB3173400C3D3BA /* Assets.xcassets */; };
		E098C2D92BB3173400C3D3BA /* Preview Assets.xcassets in Resources */ = {isa = PBXBuildFile; fileRef = E098C2D82BB3173400C3D3BA /* Preview Assets.xcassets */; };
		E098C2E02BB31A2B00C3D3BA /* Pathtracer.metal in Sources */ = {isa = PBXBuildFile; fileRef = E098C2DF2BB31A2B00C3D3BA /* Pathtracer.metal */; };
		E098C2E22BB3252100C3D3BA /* ViewController.swift in Sources */ = {isa = PBXBuildFile; fileRef = E098C2E12BB3252100C3D3BA /* ViewController.swift */; };
		E098C2E42BB32A6600C3D3BA /* Encoder.swift in Sources */ = {isa = PBXBuildFile; fileRef = E098C2E32BB32A6600C3D3BA /* Encoder.swift */; };
/* End PBXBuildFile section */

/* Begin PBXFileReference section */
		E04C643C2BE9CDD100C413B2 /* OIDNBridge.h */ = {isa = PBXFileReference; lastKnownFileType = sourcecode.c.h; path = OIDNBridge.h; sourceTree = "<group>"; };
		E04C643E2BE9D4DD00C413B2 /* libOpenImageDenoise_core.2.2.2.dylib */ = {isa = PBXFileReference; lastKnownFileType = "compiled.mach-o.dylib"; name = libOpenImageDenoise_core.2.2.2.dylib; path = ../../../Denoiser/oidn/build/libOpenImageDenoise_core.2.2.2.dylib; sourceTree = "<group>"; };
		E04C64402BE9D4F500C413B2 /* libOpenImageDenoise_device_metal.2.2.2.dylib */ = {isa = PBXFileReference; lastKnownFileType = "compiled.mach-o.dylib"; name = libOpenImageDenoise_device_metal.2.2.2.dylib; path = ../../../Denoiser/oidn/build/libOpenImageDenoise_device_metal.2.2.2.dylib; sourceTree = "<group>"; };
		E04C64422BE9D50C00C413B2 /* libOpenImageDenoise.2.2.2.dylib */ = {isa = PBXFileReference; lastKnownFileType = "compiled.mach-o.dylib"; name = libOpenImageDenoise.2.2.2.dylib; path = ../../../Denoiser/oidn/build/libOpenImageDenoise.2.2.2.dylib; sourceTree = "<group>"; };
		E04C64442BE9D53000C413B2 /* oidnDenoise */ = {isa = PBXFileReference; lastKnownFileType = "compiled.mach-o.executable"; name = oidnDenoise; path = ../../../Denoiser/oidn/build/oidnDenoise; sourceTree = "<group>"; };
		E04C644A2BEA021900C413B2 /* libOpenImageDenoise_device_cpu.2.2.2.dylib */ = {isa = PBXFileReference; lastKnownFileType = "compiled.mach-o.dylib"; name = libOpenImageDenoise_device_cpu.2.2.2.dylib; path = "../../../../Downloads/oidn-2.2.2.arm64.macos/lib/libOpenImageDenoise_device_cpu.2.2.2.dylib"; sourceTree = "<group>"; };
		E04C644B2BEA021900C413B2 /* libOpenImageDenoise.2.2.2.dylib */ = {isa = PBXFileReference; lastKnownFileType = "compiled.mach-o.dylib"; name = libOpenImageDenoise.2.2.2.dylib; path = "../../../../Downloads/oidn-2.2.2.arm64.macos/lib/libOpenImageDenoise.2.2.2.dylib"; sourceTree = "<group>"; };
		E04C644C2BEA021900C413B2 /* libtbb.12.11.dylib */ = {isa = PBXFileReference; lastKnownFileType = "compiled.mach-o.dylib"; name = libtbb.12.11.dylib; path = "../../../../Downloads/oidn-2.2.2.arm64.macos/lib/libtbb.12.11.dylib"; sourceTree = "<group>"; };
		E04C644D2BEA021900C413B2 /* libOpenImageDenoise_core.2.2.2.dylib */ = {isa = PBXFileReference; lastKnownFileType = "compiled.mach-o.dylib"; name = libOpenImageDenoise_core.2.2.2.dylib; path = "../../../../Downloads/oidn-2.2.2.arm64.macos/lib/libOpenImageDenoise_core.2.2.2.dylib"; sourceTree = "<group>"; };
		E04C644E2BEA021900C413B2 /* libOpenImageDenoise_device_metal.2.2.2.dylib */ = {isa = PBXFileReference; lastKnownFileType = "compiled.mach-o.dylib"; name = libOpenImageDenoise_device_metal.2.2.2.dylib; path = "../../../../Downloads/oidn-2.2.2.arm64.macos/lib/libOpenImageDenoise_device_metal.2.2.2.dylib"; sourceTree = "<group>"; };
		E04C64542BEA023D00C413B2 /* oidnDenoise */ = {isa = PBXFileReference; lastKnownFileType = "compiled.mach-o.executable"; name = oidnDenoise; path = "../../../../Downloads/oidn-2.2.2.arm64.macos/bin/oidnDenoise"; sourceTree = "<group>"; };
		E068B2052BB4E41E006F2DB0 /* TextureManager.swift */ = {isa = PBXFileReference; lastKnownFileType = sourcecode.swift; path = TextureManager.swift; sourceTree = "<group>"; };
		E068B20C2BBD2533006F2DB0 /* Extensions.swift */ = {isa = PBXFileReference; lastKnownFileType = sourcecode.swift; path = Extensions.swift; sourceTree = "<group>"; };
		E096DAD82BDD6EB300DE0432 /* MaterialMenu.swift */ = {isa = PBXFileReference; lastKnownFileType = sourcecode.swift; name = MaterialMenu.swift; path = Pathtracer/MaterialMenu.swift; sourceTree = "<group>"; };
		E098C2CD2BB3173400C3D3BA /* Pathtracer.app */ = {isa = PBXFileReference; explicitFileType = wrapper.application; includeInIndex = 0; path = Pathtracer.app; sourceTree = BUILT_PRODUCTS_DIR; };
		E098C2D02BB3173400C3D3BA /* PathtracerApp.swift */ = {isa = PBXFileReference; lastKnownFileType = sourcecode.swift; path = PathtracerApp.swift; sourceTree = "<group>"; };
		E098C2D22BB3173400C3D3BA /* ContentView.swift */ = {isa = PBXFileReference; lastKnownFileType = sourcecode.swift; path = ContentView.swift; sourceTree = "<group>"; };
		E098C2D42BB3173400C3D3BA /* Assets.xcassets */ = {isa = PBXFileReference; lastKnownFileType = folder.assetcatalog; path = Assets.xcassets; sourceTree = "<group>"; };
		E098C2D62BB3173400C3D3BA /* Pathtracer.entitlements */ = {isa = PBXFileReference; lastKnownFileType = text.plist.entitlements; path = Pathtracer.entitlements; sourceTree = "<group>"; };
		E098C2D82BB3173400C3D3BA /* Preview Assets.xcassets */ = {isa = PBXFileReference; lastKnownFileType = folder.assetcatalog; path = "Preview Assets.xcassets"; sourceTree = "<group>"; };
		E098C2DF2BB31A2B00C3D3BA /* Pathtracer.metal */ = {isa = PBXFileReference; lastKnownFileType = sourcecode.metal; path = Pathtracer.metal; sourceTree = "<group>"; };
		E098C2E12BB3252100C3D3BA /* ViewController.swift */ = {isa = PBXFileReference; lastKnownFileType = sourcecode.swift; path = ViewController.swift; sourceTree = "<group>"; };
		E098C2E32BB32A6600C3D3BA /* Encoder.swift */ = {isa = PBXFileReference; lastKnownFileType = sourcecode.swift; path = Encoder.swift; sourceTree = "<group>"; };
/* End PBXFileReference section */

/* Begin PBXFrameworksBuildPhase section */
		E098C2CA2BB3173400C3D3BA /* Frameworks */ = {
			isa = PBXFrameworksBuildPhase;
			buildActionMask = 2147483647;
			files = (
				E04C64562BEA031F00C413B2 /* oidnDenoise in Frameworks */,
			);
			runOnlyForDeploymentPostprocessing = 0;
		};
/* End PBXFrameworksBuildPhase section */

/* Begin PBXGroup section */
		E04C643D2BE9D4DD00C413B2 /* Frameworks */ = {
			isa = PBXGroup;
			children = (
				E04C64542BEA023D00C413B2 /* oidnDenoise */,
				E04C644D2BEA021900C413B2 /* libOpenImageDenoise_core.2.2.2.dylib */,
				E04C644A2BEA021900C413B2 /* libOpenImageDenoise_device_cpu.2.2.2.dylib */,
				E04C644E2BEA021900C413B2 /* libOpenImageDenoise_device_metal.2.2.2.dylib */,
				E04C644B2BEA021900C413B2 /* libOpenImageDenoise.2.2.2.dylib */,
				E04C644C2BEA021900C413B2 /* libtbb.12.11.dylib */,
				E04C64442BE9D53000C413B2 /* oidnDenoise */,
				E04C64422BE9D50C00C413B2 /* libOpenImageDenoise.2.2.2.dylib */,
				E04C64402BE9D4F500C413B2 /* libOpenImageDenoise_device_metal.2.2.2.dylib */,
				E04C643E2BE9D4DD00C413B2 /* libOpenImageDenoise_core.2.2.2.dylib */,
			);
			name = Frameworks;
			sourceTree = "<group>";
		};
		E098C2C42BB3173400C3D3BA = {
			isa = PBXGroup;
			children = (
				E04C643C2BE9CDD100C413B2 /* OIDNBridge.h */,
				E096DAD82BDD6EB300DE0432 /* MaterialMenu.swift */,
				E068B2052BB4E41E006F2DB0 /* TextureManager.swift */,
				E098C2E32BB32A6600C3D3BA /* Encoder.swift */,
				E068B20C2BBD2533006F2DB0 /* Extensions.swift */,
				E098C2E12BB3252100C3D3BA /* ViewController.swift */,
				E098C2CF2BB3173400C3D3BA /* Pathtracer */,
				E098C2CE2BB3173400C3D3BA /* Products */,
				E04C643D2BE9D4DD00C413B2 /* Frameworks */,
			);
			sourceTree = "<group>";
		};
		E098C2CE2BB3173400C3D3BA /* Products */ = {
			isa = PBXGroup;
			children = (
				E098C2CD2BB3173400C3D3BA /* Pathtracer.app */,
			);
			name = Products;
			sourceTree = "<group>";
		};
		E098C2CF2BB3173400C3D3BA /* Pathtracer */ = {
			isa = PBXGroup;
			children = (
				E098C2DF2BB31A2B00C3D3BA /* Pathtracer.metal */,
				E098C2D02BB3173400C3D3BA /* PathtracerApp.swift */,
				E098C2D22BB3173400C3D3BA /* ContentView.swift */,
				E098C2D42BB3173400C3D3BA /* Assets.xcassets */,
				E098C2D62BB3173400C3D3BA /* Pathtracer.entitlements */,
				E098C2D72BB3173400C3D3BA /* Preview Content */,
			);
			path = Pathtracer;
			sourceTree = "<group>";
		};
		E098C2D72BB3173400C3D3BA /* Preview Content */ = {
			isa = PBXGroup;
			children = (
				E098C2D82BB3173400C3D3BA /* Preview Assets.xcassets */,
			);
			path = "Preview Content";
			sourceTree = "<group>";
		};
/* End PBXGroup section */

/* Begin PBXNativeTarget section */
		E098C2CC2BB3173400C3D3BA /* Pathtracer */ = {
			isa = PBXNativeTarget;
			buildConfigurationList = E098C2DC2BB3173400C3D3BA /* Build configuration list for PBXNativeTarget "Pathtracer" */;
			buildPhases = (
				E098C2C92BB3173400C3D3BA /* Sources */,
				E098C2CA2BB3173400C3D3BA /* Frameworks */,
				E098C2CB2BB3173400C3D3BA /* Resources */,
			);
			buildRules = (
			);
			dependencies = (
			);
			name = Pathtracer;
			productName = Pathtracer;
			productReference = E098C2CD2BB3173400C3D3BA /* Pathtracer.app */;
			productType = "com.apple.product-type.application";
		};
/* End PBXNativeTarget section */

/* Begin PBXProject section */
		E098C2C52BB3173400C3D3BA /* Project object */ = {
			isa = PBXProject;
			attributes = {
				BuildIndependentTargetsInParallel = 1;
				LastSwiftUpdateCheck = 1500;
				LastUpgradeCheck = 1500;
				TargetAttributes = {
					E098C2CC2BB3173400C3D3BA = {
						CreatedOnToolsVersion = 15.0.1;
					};
				};
			};
			buildConfigurationList = E098C2C82BB3173400C3D3BA /* Build configuration list for PBXProject "Pathtracer" */;
			compatibilityVersion = "Xcode 14.0";
			developmentRegion = en;
			hasScannedForEncodings = 0;
			knownRegions = (
				en,
				Base,
			);
			mainGroup = E098C2C42BB3173400C3D3BA;
			productRefGroup = E098C2CE2BB3173400C3D3BA /* Products */;
			projectDirPath = "";
			projectRoot = "";
			targets = (
				E098C2CC2BB3173400C3D3BA /* Pathtracer */,
			);
		};
/* End PBXProject section */

/* Begin PBXResourcesBuildPhase section */
		E098C2CB2BB3173400C3D3BA /* Resources */ = {
			isa = PBXResourcesBuildPhase;
			buildActionMask = 2147483647;
			files = (
				E098C2D92BB3173400C3D3BA /* Preview Assets.xcassets in Resources */,
				E098C2D52BB3173400C3D3BA /* Assets.xcassets in Resources */,
			);
			runOnlyForDeploymentPostprocessing = 0;
		};
/* End PBXResourcesBuildPhase section */

/* Begin PBXSourcesBuildPhase section */
		E098C2C92BB3173400C3D3BA /* Sources */ = {
			isa = PBXSourcesBuildPhase;
			buildActionMask = 2147483647;
			files = (
				E098C2D32BB3173400C3D3BA /* ContentView.swift in Sources */,
				E096DAD92BDD6EB300DE0432 /* MaterialMenu.swift in Sources */,
				E068B2062BB4E41E006F2DB0 /* TextureManager.swift in Sources */,
				E098C2D12BB3173400C3D3BA /* PathtracerApp.swift in Sources */,
				E098C2E42BB32A6600C3D3BA /* Encoder.swift in Sources */,
				E098C2E22BB3252100C3D3BA /* ViewController.swift in Sources */,
				E098C2E02BB31A2B00C3D3BA /* Pathtracer.metal in Sources */,
				E068B20D2BBD2533006F2DB0 /* Extensions.swift in Sources */,
			);
			runOnlyForDeploymentPostprocessing = 0;
		};
/* End PBXSourcesBuildPhase section */

/* Begin XCBuildConfiguration section */
		E098C2DA2BB3173400C3D3BA /* Debug */ = {
			isa = XCBuildConfiguration;
			buildSettings = {
				ALWAYS_SEARCH_USER_PATHS = NO;
				ASSETCATALOG_COMPILER_GENERATE_SWIFT_ASSET_SYMBOL_EXTENSIONS = YES;
				CLANG_ANALYZER_NONNULL = YES;
				CLANG_ANALYZER_NUMBER_OBJECT_CONVERSION = YES_AGGRESSIVE;
				CLANG_CXX_LANGUAGE_STANDARD = "gnu++20";
				CLANG_ENABLE_MODULES = YES;
				CLANG_ENABLE_OBJC_ARC = YES;
				CLANG_ENABLE_OBJC_WEAK = YES;
				CLANG_WARN_BLOCK_CAPTURE_AUTORELEASING = YES;
				CLANG_WARN_BOOL_CONVERSION = YES;
				CLANG_WARN_COMMA = YES;
				CLANG_WARN_CONSTANT_CONVERSION = YES;
				CLANG_WARN_DEPRECATED_OBJC_IMPLEMENTATIONS = YES;
				CLANG_WARN_DIRECT_OBJC_ISA_USAGE = YES_ERROR;
				CLANG_WARN_DOCUMENTATION_COMMENTS = YES;
				CLANG_WARN_EMPTY_BODY = YES;
				CLANG_WARN_ENUM_CONVERSION = YES;
				CLANG_WARN_INFINITE_RECURSION = YES;
				CLANG_WARN_INT_CONVERSION = YES;
				CLANG_WARN_NON_LITERAL_NULL_CONVERSION = YES;
				CLANG_WARN_OBJC_IMPLICIT_RETAIN_SELF = YES;
				CLANG_WARN_OBJC_LITERAL_CONVERSION = YES;
				CLANG_WARN_OBJC_ROOT_CLASS = YES_ERROR;
				CLANG_WARN_QUOTED_INCLUDE_IN_FRAMEWORK_HEADER = YES;
				CLANG_WARN_RANGE_LOOP_ANALYSIS = YES;
				CLANG_WARN_STRICT_PROTOTYPES = YES;
				CLANG_WARN_SUSPICIOUS_MOVE = YES;
				CLANG_WARN_UNGUARDED_AVAILABILITY = YES_AGGRESSIVE;
				CLANG_WARN_UNREACHABLE_CODE = YES;
				CLANG_WARN__DUPLICATE_METHOD_MATCH = YES;
				COPY_PHASE_STRIP = NO;
				DEBUG_INFORMATION_FORMAT = dwarf;
				ENABLE_STRICT_OBJC_MSGSEND = YES;
				ENABLE_TESTABILITY = YES;
				ENABLE_USER_SCRIPT_SANDBOXING = YES;
				GCC_C_LANGUAGE_STANDARD = gnu17;
				GCC_DYNAMIC_NO_PIC = NO;
				GCC_NO_COMMON_BLOCKS = YES;
				GCC_OPTIMIZATION_LEVEL = 0;
				GCC_PREPROCESSOR_DEFINITIONS = (
					"DEBUG=1",
					"$(inherited)",
				);
				GCC_WARN_64_TO_32_BIT_CONVERSION = YES;
				GCC_WARN_ABOUT_RETURN_TYPE = YES_ERROR;
				GCC_WARN_UNDECLARED_SELECTOR = YES;
				GCC_WARN_UNINITIALIZED_AUTOS = YES_AGGRESSIVE;
				GCC_WARN_UNUSED_FUNCTION = YES;
				GCC_WARN_UNUSED_VARIABLE = YES;
				LOCALIZATION_PREFERS_STRING_CATALOGS = YES;
				MTL_ENABLE_DEBUG_INFO = INCLUDE_SOURCE;
				MTL_FAST_MATH = YES;
				ONLY_ACTIVE_ARCH = YES;
				SWIFT_ACTIVE_COMPILATION_CONDITIONS = "DEBUG $(inherited)";
				SWIFT_OPTIMIZATION_LEVEL = "-Onone";
			};
			name = Debug;
		};
		E098C2DB2BB3173400C3D3BA /* Release */ = {
			isa = XCBuildConfiguration;
			buildSettings = {
				ALWAYS_SEARCH_USER_PATHS = NO;
				ASSETCATALOG_COMPILER_GENERATE_SWIFT_ASSET_SYMBOL_EXTENSIONS = YES;
				CLANG_ANALYZER_NONNULL = YES;
				CLANG_ANALYZER_NUMBER_OBJECT_CONVERSION = YES_AGGRESSIVE;
				CLANG_CXX_LANGUAGE_STANDARD = "gnu++20";
				CLANG_ENABLE_MODULES = YES;
				CLANG_ENABLE_OBJC_ARC = YES;
				CLANG_ENABLE_OBJC_WEAK = YES;
				CLANG_WARN_BLOCK_CAPTURE_AUTORELEASING = YES;
				CLANG_WARN_BOOL_CONVERSION = YES;
				CLANG_WARN_COMMA = YES;
				CLANG_WARN_CONSTANT_CONVERSION = YES;
				CLANG_WARN_DEPRECATED_OBJC_IMPLEMENTATIONS = YES;
				CLANG_WARN_DIRECT_OBJC_ISA_USAGE = YES_ERROR;
				CLANG_WARN_DOCUMENTATION_COMMENTS = YES;
				CLANG_WARN_EMPTY_BODY = YES;
				CLANG_WARN_ENUM_CONVERSION = YES;
				CLANG_WARN_INFINITE_RECURSION = YES;
				CLANG_WARN_INT_CONVERSION = YES;
				CLANG_WARN_NON_LITERAL_NULL_CONVERSION = YES;
				CLANG_WARN_OBJC_IMPLICIT_RETAIN_SELF = YES;
				CLANG_WARN_OBJC_LITERAL_CONVERSION = YES;
				CLANG_WARN_OBJC_ROOT_CLASS = YES_ERROR;
				CLANG_WARN_QUOTED_INCLUDE_IN_FRAMEWORK_HEADER = YES;
				CLANG_WARN_RANGE_LOOP_ANALYSIS = YES;
				CLANG_WARN_STRICT_PROTOTYPES = YES;
				CLANG_WARN_SUSPICIOUS_MOVE = YES;
				CLANG_WARN_UNGUARDED_AVAILABILITY = YES_AGGRESSIVE;
				CLANG_WARN_UNREACHABLE_CODE = YES;
				CLANG_WARN__DUPLICATE_METHOD_MATCH = YES;
				COPY_PHASE_STRIP = NO;
				DEBUG_INFORMATION_FORMAT = "dwarf-with-dsym";
				ENABLE_NS_ASSERTIONS = NO;
				ENABLE_STRICT_OBJC_MSGSEND = YES;
				ENABLE_USER_SCRIPT_SANDBOXING = YES;
				GCC_C_LANGUAGE_STANDARD = gnu17;
				GCC_NO_COMMON_BLOCKS = YES;
				GCC_WARN_64_TO_32_BIT_CONVERSION = YES;
				GCC_WARN_ABOUT_RETURN_TYPE = YES_ERROR;
				GCC_WARN_UNDECLARED_SELECTOR = YES;
				GCC_WARN_UNINITIALIZED_AUTOS = YES_AGGRESSIVE;
				GCC_WARN_UNUSED_FUNCTION = YES;
				GCC_WARN_UNUSED_VARIABLE = YES;
				LOCALIZATION_PREFERS_STRING_CATALOGS = YES;
				MTL_ENABLE_DEBUG_INFO = NO;
				MTL_FAST_MATH = YES;
				SWIFT_COMPILATION_MODE = wholemodule;
			};
			name = Release;
		};
		E098C2DD2BB3173400C3D3BA /* Debug */ = {
			isa = XCBuildConfiguration;
			buildSettings = {
				ASSETCATALOG_COMPILER_APPICON_NAME = AppIcon;
				ASSETCATALOG_COMPILER_GLOBAL_ACCENT_COLOR_NAME = AccentColor;
				CODE_SIGN_ENTITLEMENTS = Pathtracer/Pathtracer.entitlements;
				CODE_SIGN_STYLE = Automatic;
				CURRENT_PROJECT_VERSION = 1;
				DEVELOPMENT_ASSET_PATHS = "\"Pathtracer/Preview Content\"";
				DEVELOPMENT_TEAM = RXJF5NALU5;
				ENABLE_HARDENED_RUNTIME = YES;
				ENABLE_PREVIEWS = YES;
				GENERATE_INFOPLIST_FILE = YES;
				"INFOPLIST_KEY_UIApplicationSceneManifest_Generation[sdk=iphoneos*]" = YES;
				"INFOPLIST_KEY_UIApplicationSceneManifest_Generation[sdk=iphonesimulator*]" = YES;
				"INFOPLIST_KEY_UIApplicationSupportsIndirectInputEvents[sdk=iphoneos*]" = YES;
				"INFOPLIST_KEY_UIApplicationSupportsIndirectInputEvents[sdk=iphonesimulator*]" = YES;
				"INFOPLIST_KEY_UILaunchScreen_Generation[sdk=iphoneos*]" = YES;
				"INFOPLIST_KEY_UILaunchScreen_Generation[sdk=iphonesimulator*]" = YES;
				"INFOPLIST_KEY_UIStatusBarStyle[sdk=iphoneos*]" = UIStatusBarStyleDefault;
				"INFOPLIST_KEY_UIStatusBarStyle[sdk=iphonesimulator*]" = UIStatusBarStyleDefault;
				INFOPLIST_KEY_UISupportedInterfaceOrientations_iPad = "UIInterfaceOrientationPortrait UIInterfaceOrientationPortraitUpsideDown UIInterfaceOrientationLandscapeLeft UIInterfaceOrientationLandscapeRight";
				INFOPLIST_KEY_UISupportedInterfaceOrientations_iPhone = "UIInterfaceOrientationPortrait UIInterfaceOrientationLandscapeLeft UIInterfaceOrientationLandscapeRight";
				IPHONEOS_DEPLOYMENT_TARGET = 17.0;
				LD_RUNPATH_SEARCH_PATHS = "@executable_path/Frameworks";
				"LD_RUNPATH_SEARCH_PATHS[sdk=macosx*]" = "@executable_path/../Frameworks";
				LIBRARY_SEARCH_PATHS = "/Users/addyi/Documents/Denoiser/oidn/build/**";
				MACOSX_DEPLOYMENT_TARGET = 14.0;
				MARKETING_VERSION = 1.0;
				PRODUCT_BUNDLE_IDENTIFIER = com.AdellarIrankunda.Pathtracer;
				PRODUCT_NAME = "$(TARGET_NAME)";
				SDKROOT = auto;
				SUPPORTED_PLATFORMS = "iphonesimulator iphoneos";
				SWIFT_EMIT_LOC_STRINGS = YES;
				SWIFT_VERSION = 5.0;
				TARGETED_DEVICE_FAMILY = "1,2";
			};
			name = Debug;
		};
		E098C2DE2BB3173400C3D3BA /* Release */ = {
			isa = XCBuildConfiguration;
			buildSettings = {
				ASSETCATALOG_COMPILER_APPICON_NAME = AppIcon;
				ASSETCATALOG_COMPILER_GLOBAL_ACCENT_COLOR_NAME = AccentColor;
				CODE_SIGN_ENTITLEMENTS = Pathtracer/Pathtracer.entitlements;
				CODE_SIGN_STYLE = Automatic;
				CURRENT_PROJECT_VERSION = 1;
				DEVELOPMENT_ASSET_PATHS = "\"Pathtracer/Preview Content\"";
				DEVELOPMENT_TEAM = RXJF5NALU5;
				ENABLE_HARDENED_RUNTIME = YES;
				ENABLE_PREVIEWS = YES;
				GENERATE_INFOPLIST_FILE = YES;
				"INFOPLIST_KEY_UIApplicationSceneManifest_Generation[sdk=iphoneos*]" = YES;
				"INFOPLIST_KEY_UIApplicationSceneManifest_Generation[sdk=iphonesimulator*]" = YES;
				"INFOPLIST_KEY_UIApplicationSupportsIndirectInputEvents[sdk=iphoneos*]" = YES;
				"INFOPLIST_KEY_UIApplicationSupportsIndirectInputEvents[sdk=iphonesimulator*]" = YES;
				"INFOPLIST_KEY_UILaunchScreen_Generation[sdk=iphoneos*]" = YES;
				"INFOPLIST_KEY_UILaunchScreen_Generation[sdk=iphonesimulator*]" = YES;
				"INFOPLIST_KEY_UIStatusBarStyle[sdk=iphoneos*]" = UIStatusBarStyleDefault;
				"INFOPLIST_KEY_UIStatusBarStyle[sdk=iphonesimulator*]" = UIStatusBarStyleDefault;
				INFOPLIST_KEY_UISupportedInterfaceOrientations_iPad = "UIInterfaceOrientationPortrait UIInterfaceOrientationPortraitUpsideDown UIInterfaceOrientationLandscapeLeft UIInterfaceOrientationLandscapeRight";
				INFOPLIST_KEY_UISupportedInterfaceOrientations_iPhone = "UIInterfaceOrientationPortrait UIInterfaceOrientationLandscapeLeft UIInterfaceOrientationLandscapeRight";
				IPHONEOS_DEPLOYMENT_TARGET = 17.0;
				LD_RUNPATH_SEARCH_PATHS = "@executable_path/Frameworks";
				"LD_RUNPATH_SEARCH_PATHS[sdk=macosx*]" = "@executable_path/../Frameworks";
				LIBRARY_SEARCH_PATHS = "/Users/addyi/Documents/Denoiser/oidn/build/**";
				MACOSX_DEPLOYMENT_TARGET = 14.0;
				MARKETING_VERSION = 1.0;
				PRODUCT_BUNDLE_IDENTIFIER = com.AdellarIrankunda.Pathtracer;
				PRODUCT_NAME = "$(TARGET_NAME)";
				SDKROOT = auto;
				SUPPORTED_PLATFORMS = "iphonesimulator iphoneos";
				SWIFT_EMIT_LOC_STRINGS = YES;
				SWIFT_VERSION = 5.0;
				TARGETED_DEVICE_FAMILY = "1,2";
			};
			name = Release;
		};
/* End XCBuildConfiguration section */

/* Begin XCConfigurationList section */
		E098C2C82BB3173400C3D3BA /* Build configuration list for PBXProject "Pathtracer" */ = {
			isa = XCConfigurationList;
			buildConfigurations = (
				E098C2DA2BB3173400C3D3BA /* Debug */,
				E098C2DB2BB3173400C3D3BA /* Release */,
			);
			defaultConfigurationIsVisible = 0;
			defaultConfigurationName = Release;
		};
		E098C2DC2BB3173400C3D3BA /* Build configuration list for PBXNativeTarget "Pathtracer" */ = {
			isa = XCConfigurationList;
			buildConfigurations = (
				E098C2DD2BB3173400C3D3BA /* Debug */,
				E098C2DE2BB3173400C3D3BA /* Release */,
			);
			defaultConfigurationIsVisible = 0;
			defaultConfigurationName = Release;
		};
/* End XCConfigurationList section */
	};
	rootObject = E098C2C52BB3173400C3D3BA /* Project object */;
}
